<?xml version="1.0" encoding="utf-8"?>
<Project ToolsVersion="4.0" xmlns="http://schemas.microsoft.com/developer/msbuild/2003">
  <ItemGroup>
    <Filter Include="Source Files">
      <UniqueIdentifier>{4FC737F1-C7A5-4376-A066-2A32D752A2FF}</UniqueIdentifier>
      <Extensions>cpp;c;cc;cxx;c++;cppm;ixx;def;odl;idl;hpj;bat;asm;asmx</Extensions>
    </Filter>
    <Filter Include="Header Files">
      <UniqueIdentifier>{93995380-89BD-4b04-88EB-625FBE52EBFB}</UniqueIdentifier>
      <Extensions>h;hh;hpp;hxx;h++;hm;inl;inc;ipp;xsd</Extensions>
    </Filter>
    <Filter Include="Resource Files">
      <UniqueIdentifier>{67DA6AB6-F800-4c08-8B7A-83BB121AAD01}</UniqueIdentifier>
      <Extensions>rc;ico;cur;bmp;dlg;rc2;rct;bin;rgs;gif;jpg;jpeg;jpe;resx;tiff;tif;png;wav;mfcribbon-ms</Extensions>
    </Filter>
  </ItemGroup>
  <ItemGroup>
    <ClCompile Include="3_SI_1_6_9MI0600353.cpp">
      <Filter>Source Files</Filter>
    </ClCompile>
    <ClCompile Include="PartialFunction.cpp">
      <Filter>Source Files</Filter>
    </ClCompile>
    <ClCompile Include="FunctionCollection.cpp">
      <Filter>Source Files</Filter>
    </ClCompile>
    <ClCompile Include="MinFunction.cpp">
      <Filter>Source Files</Filter>
    </ClCompile>
    <ClCompile Include="MaxFunction.cpp">
      <Filter>Source Files</Filter>
    </ClCompile>
    <ClCompile Include="Pair.cpp">
      <Filter>Source Files</Filter>
    </ClCompile>
    <ClCompile Include="Factory.cpp">
      <Filter>Source Files</Filter>
    </ClCompile>
    <ClCompile Include="FunctObj.cpp">
      <Filter>Source Files</Filter>
    </ClCompile>
    <ClCompile Include="FunctObj0.cpp">
      <Filter>Source Files</Filter>
    </ClCompile>
    <ClCompile Include="ReadFromFile.cpp">
      <Filter>Source Files</Filter>
    </ClCompile>
    <ClCompile Include="FunctObjModeOne.cpp">
      <Filter>Source Files</Filter>
    </ClCompile>
    <ClCompile Include="FunctObjMode2.cpp">
      <Filter>Source Files</Filter>
    </ClCompile>
    <ClCompile Include="MyString.cpp">
      <Filter>Source Files</Filter>
    </ClCompile>
    <ClCompile Include="Run.cpp">
      <Filter>Source Files</Filter>
    </ClCompile>
    <ClCompile Include="Arrayy.cpp">
      <Filter>Source Files</Filter>
    </ClCompile>
  </ItemGroup>
  <ItemGroup>
    <ClInclude Include="PartialFunction.h">
      <Filter>Header Files</Filter>
    </ClInclude>
    <ClInclude Include="FunctionCollection.h">
      <Filter>Header Files</Filter>
    </ClInclude>
    <ClInclude Include="MinFunction.h">
      <Filter>Header Files</Filter>
    </ClInclude>
    <ClInclude Include="MaxFunction.h">
      <Filter>Header Files</Filter>
    </ClInclude>
    <ClInclude Include="CriteriaPartialFunction.hpp">
      <Filter>Header Files</Filter>
    </ClInclude>
    <ClInclude Include="Pair.h">
      <Filter>Header Files</Filter>
    </ClInclude>
    <ClInclude Include="Factory.h">
      <Filter>Header Files</Filter>
    </ClInclude>
    <ClInclude Include="FunctObj.h">
      <Filter>Header Files</Filter>
    </ClInclude>
    <ClInclude Include="FunctObj0.h">
      <Filter>Header Files</Filter>
    </ClInclude>
    <ClInclude Include="ReadFromFile.h">
      <Filter>Header Files</Filter>
    </ClInclude>
    <ClInclude Include="FunctObjModeOne.h">
      <Filter>Header Files</Filter>
    </ClInclude>
    <ClInclude Include="FunctObjMode2.h">
      <Filter>Header Files</Filter>
    </ClInclude>
    <ClInclude Include="Vector.hpp">
      <Filter>Header Files</Filter>
    </ClInclude>
    <ClInclude Include="MyString.h">
      <Filter>Header Files</Filter>
    </ClInclude>
    <ClInclude Include="Run.h">
      <Filter>Header Files</Filter>
    </ClInclude>
    <ClInclude Include="Arrayy.h">
      <Filter>Header Files</Filter>
    </ClInclude>
  </ItemGroup>
</Project>